{
  "name": "mac-control-mcp",
  "version": "0.8.3",
  "lockfileVersion": 3,
  "requires": true,
  "packages": {
    "": {
      "name": "mac-control-mcp",
      "version": "0.8.3",
      "cpu": [
        "x64",
        "arm64"
      ],
      "hasInstallScript": true,
      "license": "MIT",
      "os": [
        "darwin"
      ],
      "bin": {
        "mac-control-mcp": "bin/mac-control-mcp.js"
      },
      "engines": {
        "node": ">=18"
      }
    }
  }
}
